
Microsoft Visual Studio Solution File, Format Version 12.00
# Visual Studio Version 16
VisualStudioVersion = 16.0.33423.256
MinimumVisualStudioVersion = 10.0.40219.1
Project("{9A19103F-16F7-4668-BE54-9A1E7A4F7556}") = "BeastCustomization", "BeastCustomization.csproj", "{3B852FED-71BF-4E48-80F9-24FB285BB4A4}"
EndProject
Global
	GlobalSection(SolutionConfigurationPlatforms) = preSolution
		Debug|Any CPU = Debug|Any CPU
		Release|Any CPU = Release|Any CPU
	EndGlobalSection
	GlobalSection(ProjectConfigurationPlatforms) = postSolution
		{3B852FED-71BF-4E48-80F9-24FB285BB4A4}.Debug|Any CPU.ActiveCfg = Debug|Any CPU
		{3B852FED-71BF-4E48-80F9-24FB285BB4A4}.Debug|Any CPU.Build.0 = Debug|Any CPU
		{3B852FED-71BF-4E48-80F9-24FB285BB4A4}.Release|Any CPU.ActiveCfg = Release|Any CPU
		{3B852FED-71BF-4E48-80F9-24FB285BB4A4}.Release|Any CPU.Build.0 = Release|Any CPU
	EndGlobalSection
	GlobalSection(SolutionProperties) = preSolution
		HideSolutionNode = FALSE
	EndGlobalSection
	GlobalSection(ExtensibilityGlobals) = postSolution
		SolutionGuid = {72B5955E-526C-4AE2-ACB2-70E2092207C7}
	EndGlobalSection
EndGlobal
